
Microsoft Visual Studio Solution File, Format Version 12.00
# Visual Studio 15
VisualStudioVersion = 15.0.28307.168
MinimumVisualStudioVersion = 10.0.40219.1
Project("{FAE04EC0-301F-11D3-BF4B-00C04F79EFBC}") = "GeneralOnlineShoping", "GeneralOnlineShoping\GeneralOnlineShoping.csproj", "{A80C5D2B-BC0C-425D-B6C1-00122D238A70}"
EndProject
Global
	GlobalSection(SolutionConfigurationPlatforms) = preSolution
		Debug|Any CPU = Debug|Any CPU
		Release|Any CPU = Release|Any CPU
	EndGlobalSection
	GlobalSection(ProjectConfigurationPlatforms) = postSolution
		{A80C5D2B-BC0C-425D-B6C1-00122D238A70}.Debug|Any CPU.ActiveCfg = Debug|Any CPU
		{A80C5D2B-BC0C-425D-B6C1-00122D238A70}.Debug|Any CPU.Build.0 = Debug|Any CPU
		{A80C5D2B-BC0C-425D-B6C1-00122D238A70}.Release|Any CPU.ActiveCfg = Release|Any CPU
		{A80C5D2B-BC0C-425D-B6C1-00122D238A70}.Release|Any CPU.Build.0 = Release|Any CPU
	EndGlobalSection
	GlobalSection(SolutionProperties) = preSolution
		HideSolutionNode = FALSE
	EndGlobalSection
	GlobalSection(ExtensibilityGlobals) = postSolution
		SolutionGuid = {C881D2A7-4A6F-407E-9D2D-B83F2A2D9ECA}
	EndGlobalSection
EndGlobal
